<?xml version="1.0" encoding="UTF-8" standalone="yes" ?>
<CodeBlocks_project_file>
	<FileVersion major="1" minor="6" />
	<Project>
		<Option title="worker" />
		<Option pch_mode="2" />
		<Option compiler="msys2" />
		<Build>
			<Target title="Debug">
				<Option output="bin/Debug/worker" prefix_auto="1" extension_auto="1" />
				<Option object_output="obj/Debug/" />
				<Option type="1" />
				<Option compiler="msys2" />
				<Compiler>
					<Add option="-g" />
				</Compiler>
			</Target>
			<Target title="Release">
				<Option output="bin/Release/worker" prefix_auto="1" extension_auto="1" />
				<Option object_output="obj/Release/" />
				<Option type="1" />
				<Option compiler="msys2" />
				<Compiler>
					<Add option="-O2" />
				</Compiler>
				<Linker>
					<Add option="-s" />
					<Add option="-static-libstdc++" />
				</Linker>
			</Target>
		</Build>
		<Compiler>
			<Add option="-Wall" />
			<Add option="-std=c++20" />
			<Add option="-fexceptions" />
			<Add directory=".." />
			<Add directory="../attender" />
			<Add directory="../sol2/include" />
		</Compiler>
		<Linker>
			<Add option="-lSimpleJSON" />
			<Add option="-lspecial_paths" />
			<Add option="-lautomata" />
			<Add option="-lboost_filesystem-mt" />
			<Add option="-lboost_system-mt" />
			<Add option="-lssl" />
			<Add option="-lpthread" />
			<Add option="-latomic" />
			<Add option="-lws2_32" />
			<Add option="-lMswsock" />
			<Add option="-lbrotlienc" />
			<Add option="-lbrotlicommon" />
			<Add option="-lbcrypt" />
			<Add option="-lcryptopp" />
			<Add option="-lcrypto" />
			<Add option="-lbacktrace" />
			<Add option="-llua" />
			<Add directory="../attender/build" />
			<Add directory="../SimpleJSON/build" />
			<Add directory="../tiny-process-library/build" />
			<Add directory="../automata/build" />
			<Add directory="../special-paths/build" />
		</Linker>
		<Unit filename="../attender/attender.hpp" />
		<Unit filename="../attender/attender/callback_wrapper.cpp" />
		<Unit filename="../attender/attender/callback_wrapper.hpp" />
		<Unit filename="../attender/attender/conclusion_observer.hpp" />
		<Unit filename="../attender/attender/connection_manager.cpp" />
		<Unit filename="../attender/attender/connection_manager.hpp" />
		<Unit filename="../attender/attender/cookie.cpp" />
		<Unit filename="../attender/attender/cookie.hpp" />
		<Unit filename="../attender/attender/date.cpp" />
		<Unit filename="../attender/attender/date.hpp" />
		<Unit filename="../attender/attender/debug.cpp" />
		<Unit filename="../attender/attender/debug.hpp" />
		<Unit filename="../attender/attender/encoding/base64.hpp" />
		<Unit filename="../attender/attender/encoding/brotli.cpp" />
		<Unit filename="../attender/attender/encoding/brotli.hpp" />
		<Unit filename="../attender/attender/encoding/producer.cpp" />
		<Unit filename="../attender/attender/encoding/producer.hpp" />
		<Unit filename="../attender/attender/encoding/streaming_producer.cpp" />
		<Unit filename="../attender/attender/encoding/streaming_producer.hpp" />
		<Unit filename="../attender/attender/io_context/async_model.cpp" />
		<Unit filename="../attender/attender/io_context/async_model.hpp" />
		<Unit filename="../attender/attender/io_context/managed_io_context.hpp" />
		<Unit filename="../attender/attender/io_context/thread_pooler.cpp" />
		<Unit filename="../attender/attender/io_context/thread_pooler.hpp" />
		<Unit filename="../attender/attender/lifetime_binding.cpp" />
		<Unit filename="../attender/attender/lifetime_binding.hpp" />
		<Unit filename="../attender/attender/mime.cpp" />
		<Unit filename="../attender/attender/mime.hpp" />
		<Unit filename="../attender/attender/mount_options.cpp" />
		<Unit filename="../attender/attender/mount_options.hpp" />
		<Unit filename="../attender/attender/mounting.cpp" />
		<Unit filename="../attender/attender/mounting.hpp" />
		<Unit filename="../attender/attender/net_core.hpp" />
		<Unit filename="../attender/attender/request.cpp" />
		<Unit filename="../attender/attender/request.hpp" />
		<Unit filename="../attender/attender/request_header.cpp" />
		<Unit filename="../attender/attender/request_header.hpp" />
		<Unit filename="../attender/attender/request_parser.cpp" />
		<Unit filename="../attender/attender/request_parser.hpp" />
		<Unit filename="../attender/attender/resolver.hpp" />
		<Unit filename="../attender/attender/response.cpp" />
		<Unit filename="../attender/attender/response.hpp" />
		<Unit filename="../attender/attender/response_code.cpp" />
		<Unit filename="../attender/attender/response_code.hpp" />
		<Unit filename="../attender/attender/response_header.cpp" />
		<Unit filename="../attender/attender/response_header.hpp" />
		<Unit filename="../attender/attender/router.cpp" />
		<Unit filename="../attender/attender/router.hpp" />
		<Unit filename="../attender/attender/session/authorizer_interface.hpp" />
		<Unit filename="../attender/attender/session/basic_authorizer.cpp" />
		<Unit filename="../attender/attender/session/basic_authorizer.hpp" />
		<Unit filename="../attender/attender/session/memory_session_storage.hpp" />
		<Unit filename="../attender/attender/session/session.cpp" />
		<Unit filename="../attender/attender/session/session.hpp" />
		<Unit filename="../attender/attender/session/session_cookie_generator_interface.cpp" />
		<Unit filename="../attender/attender/session/session_cookie_generator_interface.hpp" />
		<Unit filename="../attender/attender/session/session_data.hpp" />
		<Unit filename="../attender/attender/session/session_manager.cpp" />
		<Unit filename="../attender/attender/session/session_manager.hpp" />
		<Unit filename="../attender/attender/session/session_storage_interface.hpp" />
		<Unit filename="../attender/attender/session/uuid_session_cookie_generator.cpp" />
		<Unit filename="../attender/attender/session/uuid_session_cookie_generator.hpp" />
		<Unit filename="../attender/attender/settings.hpp" />
		<Unit filename="../attender/attender/ssl_context_interface.hpp" />
		<Unit filename="../attender/attender/ssl_contexts/ssl_example_context.cpp" />
		<Unit filename="../attender/attender/ssl_contexts/ssl_example_context.hpp" />
		<Unit filename="../attender/attender/tcp_basic_server.cpp" />
		<Unit filename="../attender/attender/tcp_basic_server.hpp" />
		<Unit filename="../attender/attender/tcp_connection.cpp" />
		<Unit filename="../attender/attender/tcp_connection.hpp" />
		<Unit filename="../attender/attender/tcp_connection_base.hpp" />
		<Unit filename="../attender/attender/tcp_connection_interface.hpp" />
		<Unit filename="../attender/attender/tcp_fwd.hpp" />
		<Unit filename="../attender/attender/tcp_read_sink.cpp" />
		<Unit filename="../attender/attender/tcp_read_sink.hpp" />
		<Unit filename="../attender/attender/tcp_secure_connection.cpp" />
		<Unit filename="../attender/attender/tcp_secure_connection.hpp" />
		<Unit filename="../attender/attender/tcp_secure_server.cpp" />
		<Unit filename="../attender/attender/tcp_secure_server.hpp" />
		<Unit filename="../attender/attender/tcp_server.cpp" />
		<Unit filename="../attender/attender/tcp_server.hpp" />
		<Unit filename="../attender/attender/tcp_server_interface.hpp" />
		<Unit filename="../tiny-process-library/process.cpp" />
		<Unit filename="../tiny-process-library/process.hpp" />
		<Unit filename="../tiny-process-library/process_win.cpp" />
		<Unit filename="config.hpp" />
		<Unit filename="environment_lock.cpp" />
		<Unit filename="environment_lock.hpp" />
		<Unit filename="filesystem/directory_cache.cpp" />
		<Unit filename="filesystem/directory_cache.hpp" />
		<Unit filename="filesystem/filesystem.hpp" />
		<Unit filename="filesystem/home_directory.cpp" />
		<Unit filename="filesystem/home_directory.hpp" />
		<Unit filename="filesystem/relations.cpp" />
		<Unit filename="filesystem/relations.hpp" />
		<Unit filename="hybrid_read_sink.cpp" />
		<Unit filename="hybrid_read_sink.hpp" />
		<Unit filename="json.hpp" />
		<Unit filename="log.cpp" />
		<Unit filename="log.hpp" />
		<Unit filename="main.cpp" />
		<Unit filename="main.hpp" />
		<Unit filename="public_settings.cpp" />
		<Unit filename="public_settings.hpp" />
		<Unit filename="routers.cpp" />
		<Unit filename="routers.hpp" />
		<Unit filename="routers/router_base.cpp" />
		<Unit filename="routers/router_base.hpp" />
		<Unit filename="routers/settings_provider.cpp" />
		<Unit filename="routers/settings_provider.hpp" />
		<Unit filename="routers/settings_provider_fwd.hpp" />
		<Unit filename="routers/streamer.cpp" />
		<Unit filename="routers/streamer.hpp" />
		<Unit filename="routers/streamer_fwd.hpp" />
		<Unit filename="routers/terminal.cpp" />
		<Unit filename="routers/terminal.hpp" />
		<Unit filename="routers/toolbar.cpp" />
		<Unit filename="routers/toolbar.hpp" />
		<Unit filename="routers/workspace.cpp" />
		<Unit filename="routers/workspace.hpp" />
		<Unit filename="routers_fwd.hpp" />
		<Unit filename="scripting_engine/common_state_setup.cpp" />
		<Unit filename="scripting_engine/common_state_setup.hpp" />
		<Unit filename="scripting_engine/process.cpp" />
		<Unit filename="scripting_engine/process.hpp" />
		<Unit filename="scripting_engine/project_control.cpp" />
		<Unit filename="scripting_engine/project_control.hpp" />
		<Unit filename="scripting_engine/script.cpp" />
		<Unit filename="scripting_engine/script.hpp" />
		<Unit filename="scripting_engine/script_view.cpp" />
		<Unit filename="scripting_engine/script_view.hpp" />
		<Unit filename="scripting_engine/settings_provider.cpp" />
		<Unit filename="scripting_engine/settings_provider.hpp" />
		<Unit filename="scripting_engine/state.hpp" />
		<Unit filename="scripting_engine/streamer_access.cpp" />
		<Unit filename="scripting_engine/streamer_access.hpp" />
		<Unit filename="session/session.cpp" />
		<Unit filename="session/session.hpp" />
		<Unit filename="session/session_fwd.hpp" />
		<Unit filename="session/session_obtainer.cpp" />
		<Unit filename="session/session_obtainer.hpp" />
		<Unit filename="session/session_storage.hpp" />
		<Unit filename="session/toolbar_store.cpp" />
		<Unit filename="session/toolbar_store.hpp" />
		<Unit filename="settings/environment.cpp" />
		<Unit filename="settings/environment.hpp" />
		<Unit filename="streaming/common_messages/binary_data.cpp" />
		<Unit filename="streaming/common_messages/binary_data.hpp" />
		<Unit filename="streaming/common_messages/keep_alive.cpp" />
		<Unit filename="streaming/common_messages/keep_alive.hpp" />
		<Unit filename="streaming/common_messages/messages_from_lua.cpp" />
		<Unit filename="streaming/common_messages/messages_from_lua.hpp" />
		<Unit filename="streaming/common_messages/server_time.cpp" />
		<Unit filename="streaming/common_messages/server_time.hpp" />
		<Unit filename="streaming/common_messages/welcome.cpp" />
		<Unit filename="streaming/common_messages/welcome.hpp" />
		<Unit filename="streaming/id.cpp" />
		<Unit filename="streaming/id.hpp" />
		<Unit filename="streaming/stream_message.hpp" />
		<Unit filename="streaming/stream_queue.cpp" />
		<Unit filename="streaming/stream_queue.hpp" />
		<Unit filename="terminal/terminal.cpp" />
		<Unit filename="terminal/terminal.hpp" />
		<Unit filename="termination_handler.cpp" />
		<Unit filename="termination_handler.hpp" />
		<Unit filename="toolbars/basic_toolbar.cpp" />
		<Unit filename="toolbars/basic_toolbar.hpp" />
		<Unit filename="toolbars/scripted_toolbar.cpp" />
		<Unit filename="toolbars/scripted_toolbar.hpp" />
		<Unit filename="variant.hpp" />
		<Unit filename="workspace/hashed_file.cpp" />
		<Unit filename="workspace/hashed_file.hpp" />
		<Unit filename="workspace/stream_messages/directory_contents.cpp" />
		<Unit filename="workspace/stream_messages/directory_contents.hpp" />
		<Unit filename="workspace/stream_messages/file_content.cpp" />
		<Unit filename="workspace/stream_messages/file_content.hpp" />
		<Unit filename="workspace/workspace.cpp" />
		<Unit filename="workspace/workspace.hpp" />
		<Unit filename="workspace/workspace_persistence.cpp" />
		<Unit filename="workspace/workspace_persistence.hpp" />
		<Extensions>
			<lib_finder disable_auto="1" />
		</Extensions>
	</Project>
</CodeBlocks_project_file>
